{
  "name": "@statens-pensjonskasse/skatt-inntekt-api",
  "version": "1.6.2",
  "lockfileVersion": 3,
  "requires": true,
  "packages": {
    "": {
      "name": "@statens-pensjonskasse/skatt-inntekt-api",
      "version": "1.6.2",
      "license": "UNLICENSED",
      "devDependencies": {
        "@redocly/cli": "^2.57.0",
        "@statens-pensjonskasse/openapi-artifact-wrapper": "^0.0.4"
      }
    },
    "node_modules/@redocly/cli": {
      "version": "2.57.0",
      "resolved": "https://registry.npmjs.org/@redocly/cli/-/cli-2.57.0.tgz",
      "integrity": "sha512-1d5fVyUaYlMNgCHUoyE2vUyxBhs/jmOHgsX/kFmfWzESw4f/G/OV/SU9E55rU7aUNmw9rHj1vXmL6yUdIn+KKQ==",
      "dev": true,
      "license": "MIT",
      "bin": {
        "openapi": "bin/cli.js",
        "redocly": "bin/cli.js"
      },
      "engines": {
        "node": ">=22.12.0 || >=20.19.0 <21.0.0",
        "npm": ">=10"
      }
    },
    "node_modules/@statens-pensjonskasse/openapi-artifact-wrapper": {
      "version": "0.0.4",
      "resolved": "https://npm.pkg.github.com/download/@statens-pensjonskasse/openapi-artifact-wrapper/0.0.4/a22e5dc37f96659142c9aad4ed85136579868956",
      "integrity": "sha512-5s7Cb6dOVxDLUipV3kP4BsKU/B2K94YVoo/7hu92VhIhU9yHIuHzYyjLWqDod4pJER+4lzE750nMaTAttUw+Pw==",
      "dev": true,
      "license": "MIT",
      "bin": {
        "openapi-artifact-cli": "openapi-artifact-cli.mjs"
      },
      "engines": {
        "node": ">=20"
      }
    }
  }
}
