{
  "name": "@statens-pensjonskasse/skatt-inntekt-api",
  "version": "1.6.2",
  "lockfileVersion": 3,
  "requires": true,
  "packages": {
    "": {
      "name": "@statens-pensjonskasse/skatt-inntekt-api",
      "version": "1.6.2",
      "license": "UNLICENSED",
      "devDependencies": {
        "@redocly/cli": "^2.53.2",
        "@statens-pensjonskasse/openapi-artifact-wrapper": "^0.0.3"
      }
    },
    "node_modules/@redocly/cli": {
      "version": "2.55.0",
      "resolved": "https://registry.npmjs.org/@redocly/cli/-/cli-2.55.0.tgz",
      "integrity": "sha512-YKDNfgv7hHsbWeudSLw8CQumX8LZeztdBht82yfFZLIg62BL6srKBzM0SIG+Ct+cnkHfkM0jzJ7OSP0I62W53Q==",
      "dev": true,
      "license": "MIT",
      "bin": {
        "openapi": "bin/cli.js",
        "redocly": "bin/cli.js"
      },
      "engines": {
        "node": ">=22.12.0 || >=20.19.0 <21.0.0",
        "npm": ">=10"
      }
    },
    "node_modules/@statens-pensjonskasse/openapi-artifact-wrapper": {
      "version": "0.0.3",
      "resolved": "https://npm.pkg.github.com/download/@statens-pensjonskasse/openapi-artifact-wrapper/0.0.3/ee34a4150f28f8060aa1ca2a7e56fae506d241e2",
      "integrity": "sha512-SADOi5v2qR3w17EiJNjCYXj73brpbcsYNaMZ/Z16ojhHXIEOgYHCgvMr03gRJdBuNlmTRPEsFfpXvrSttnUy5Q==",
      "dev": true,
      "license": "MIT",
      "bin": {
        "openapi-artifact-cli": "openapi-artifact-cli.mjs"
      },
      "engines": {
        "node": ">=20"
      }
    }
  }
}
